
Microsoft Visual Studio Solution File, Format Version 12.00
# Visual Studio Version 16
VisualStudioVersion = 16.0.29728.190
MinimumVisualStudioVersion = 10.0.40219.1
Project("{8BC9CEB8-8B4A-11D0-8D11-00A0C91BC942}") = "SRwithMkl", "SRwithMkl\SRwithMkl.vcxproj", "{7F03DEE1-3118-4AC1-B096-8B9896704D7F}"
EndProject
Project("{2150E333-8FDC-42A3-9474-1A3956D46DE8}") = "Solution Items", "Solution Items", "{AB7ABF00-6155-41D0-B2C0-17E21C4EFA72}"
EndProject
Global
	GlobalSection(SolutionConfigurationPlatforms) = preSolution
		Debug|Win32 = Debug|Win32
		Debug|x64 = Debug|x64
		Release|Win32 = Release|Win32
		Release|x64 = Release|x64
	EndGlobalSection
	GlobalSection(ProjectConfigurationPlatforms) = postSolution
		{7F03DEE1-3118-4AC1-B096-8B9896704D7F}.Debug|Win32.ActiveCfg = Debug|Win32
		{7F03DEE1-3118-4AC1-B096-8B9896704D7F}.Debug|Win32.Build.0 = Debug|Win32
		{7F03DEE1-3118-4AC1-B096-8B9896704D7F}.Debug|x64.ActiveCfg = Debug|x64
		{7F03DEE1-3118-4AC1-B096-8B9896704D7F}.Debug|x64.Build.0 = Debug|x64
		{7F03DEE1-3118-4AC1-B096-8B9896704D7F}.Release|Win32.ActiveCfg = Release|Win32
		{7F03DEE1-3118-4AC1-B096-8B9896704D7F}.Release|Win32.Build.0 = Release|Win32
		{7F03DEE1-3118-4AC1-B096-8B9896704D7F}.Release|x64.ActiveCfg = Release|x64
		{7F03DEE1-3118-4AC1-B096-8B9896704D7F}.Release|x64.Build.0 = Release|x64
	EndGlobalSection
	GlobalSection(SolutionProperties) = preSolution
		HideSolutionNode = FALSE
	EndGlobalSection
	GlobalSection(ExtensibilityGlobals) = postSolution
		SolutionGuid = {B7FF87FA-CEB5-443B-A763-08F226F51FFD}
	EndGlobalSection
EndGlobal
